{
  "name": "privmx-desktop-client-chat-module",
  "version": "1.19.0",
  "lockfileVersion": 1,
  "requires": true,
  "dependencies": {
    "@types/ag-grid-community__all-modules": {
      "version": "23.1.1",
      "resolved": "https://npmregistry.privmx.com/@types%2fag-grid-community__all-modules/-/ag-grid-community__all-modules-23.1.1.tgz",
      "integrity": "sha512-Bou2o9JnoWszpbRAoXNP/gMmQTaWu7ZveI7kFFhd7SS7x6oXK2eebYx916Jhq/uNAH0y1VlR66JkgracLteliw=="
    },
    "@types/asn1.js": {
      "version": "4.9.1",
      "resolved": "https://npmregistry.privmx.com/@types%2fasn1.js/-/asn1.js-4.9.1.tgz",
      "integrity": "sha1-trxk1JNXaIsSETSWjGXGCebZOfY="
    },
    "@types/auto-launch": {
      "version": "5.0.0",
      "resolved": "https://npmregistry.privmx.com/@types%2fauto-launch/-/auto-launch-5.0.0.tgz",
      "integrity": "sha512-yxT2pVPPhFJNuiYX9kyAqRBA4EV7J/QeA/igZK6c4b/hS5Jn71R/Jl5J866WHNG4+r8uteLo3gojSh0sZmlqew=="
    },
    "@types/bip39": {
      "version": "2.4.2",
      "resolved": "https://npmregistry.privmx.com/@types%2fbip39/-/bip39-2.4.2.tgz",
      "integrity": "sha512-Vo9lqOIRq8uoIzEVrV87ZvcIM0PN9t0K3oYZ/CS61fIYKCBdOIM7mlWzXuRvSXrDtVa1uUO2w1cdfufxTC0bzg==",
      "requires": {
        "@types/node": "*"
      }
    },
    "@types/bn.js": {
      "version": "4.11.6",
      "resolved": "https://npmregistry.privmx.com/@types%2fbn.js/-/bn.js-4.11.6.tgz",
      "integrity": "sha1-A3idm3inre4UTV2YXo/9ro3ZnQM="
    },
    "@types/bowser": {
      "version": "1.9.4",
      "resolved": "https://npmregistry.privmx.com/@types%2fbowser/-/bowser-1.9.4.tgz",
      "integrity": "sha1-ll0XTXhYuZbsm5VZFAb8G8+Oxpg="
    },
    "@types/browserify-aes": {
      "version": "1.0.6",
      "resolved": "https://npmregistry.privmx.com/@types%2fbrowserify-aes/-/browserify-aes-1.0.6.tgz",
      "integrity": "sha1-X73MsuR+chW5DjB8TugHkOOALAs="
    },
    "@types/bs58": {
      "version": "3.1.0",
      "resolved": "https://npmregistry.privmx.com/@types%2fbs58/-/bs58-3.1.0.tgz",
      "integrity": "sha1-le2cvi5TiSoHe/sDpLg1hbdAV6I="
    },
    "@types/bs58check": {
      "version": "1.0.5",
      "resolved": "https://npmregistry.privmx.com/@types%2fbs58check/-/bs58check-1.0.5.tgz",
      "integrity": "sha1-hDzly9tzNnr1C6XF56RPNnScwuo="
    },
    "@types/bytebuffer": {
      "version": "5.0.41",
      "resolved": "https://npmregistry.privmx.com/@types%2fbytebuffer/-/bytebuffer-5.0.41.tgz",
      "integrity": "sha512-Mdrv4YcaHvpkx25ksqqFaezktx3yZRcd51GZY0rY/9avyaqZdiT/GiWRhfrJhMpgzXqTOSHgGvsumGxJFNiZZA==",
      "requires": {
        "@types/long": "*",
        "@types/node": "*"
      }
    },
    "@types/caseless": {
      "version": "0.12.2",
      "resolved": "https://npmregistry.privmx.com/@types%2fcaseless/-/caseless-0.12.2.tgz",
      "integrity": "sha512-6ckxMjBBD8URvjB6J3NcnuAn5Pkl7t3TizAg+xdlzzQGSPSmBcXf8KoIH0ua/i+tio+ZRUHEXp0HEmvaR4kt0w=="
    },
    "@types/create-hash": {
      "version": "1.2.2",
      "resolved": "https://npmregistry.privmx.com/@types%2fcreate-hash/-/create-hash-1.2.2.tgz",
      "integrity": "sha512-Fg8/kfMJObbETFU/Tn+Y0jieYewryLrbKwLCEIwPyklZZVY2qB+64KFjhplGSw+cseZosfFXctXO+PyIYD8iZQ==",
      "requires": {
        "@types/node": "*"
      }
    },
    "@types/create-hmac": {
      "version": "1.1.3",
      "resolved": "https://npmregistry.privmx.com/@types%2fcreate-hmac/-/create-hmac-1.1.3.tgz",
      "integrity": "sha1-ZoHWnXUNOOH+qogNFTnTGGTuKIU="
    },
    "@types/electron": {
      "version": "11.0.1",
      "resolved": "https://npmregistry.privmx.com/@types%2felectron/-/electron-11.0.1.tgz",
      "integrity": "sha512-FM0SbA3/E5glHnFU8lI5tJZ1Zk4zGwnWha4vxiNa0aeWkBMGAiiJLTBxdxK0zer9IiUkgHZZnM331aavfjNbtA=="
    },
    "@types/eligrey-filesaver": {
      "version": "1.0.0",
      "resolved": "https://npmregistry.privmx.com/@types%2feligrey-filesaver/-/eligrey-filesaver-1.0.0.tgz",
      "integrity": "sha1-jrnwVnzsdjc4FrLszHZLOSLWtgc="
    },
    "@types/elliptic": {
      "version": "6.3.3",
      "resolved": "https://npmregistry.privmx.com/@types%2felliptic/-/elliptic-6.3.3.tgz",
      "integrity": "sha1-ZYb9aw9PetgWN9zYH0oDjBizGV4=",
      "requires": {
        "@types/bn.js": "4.11.6"
      }
    },
    "@types/extract-zip": {
      "version": "1.6.2",
      "resolved": "https://npmregistry.privmx.com/@types%2fextract-zip/-/extract-zip-1.6.2.tgz",
      "integrity": "sha1-XH60QcQRNhZ6QriLZAUeYmDCnoY="
    },
    "@types/form-data": {
      "version": "2.5.0",
      "resolved": "https://npmregistry.privmx.com/@types%2fform-data/-/form-data-2.5.0.tgz",
      "integrity": "sha512-23/wYiuckYYtFpL+4RPWiWmRQH2BjFuqCUi2+N3amB1a1Drv+i/byTrGvlLwRVLFNAZbwpbQ7JvTK+VCAPMbcg==",
      "requires": {
        "form-data": "*"
      }
    },
    "@types/fs-extra": {
      "version": "5.0.4",
      "resolved": "https://npmregistry.privmx.com/@types%2ffs-extra/-/fs-extra-5.0.4.tgz",
      "integrity": "sha512-DsknoBvD8s+RFfSGjmERJ7ZOP1HI0UZRA3FSI+Zakhrc/Gy26YQsLI+m5V5DHxroHRJqCDLKJp7Hixn8zyaF7g==",
      "requires": {
        "@types/node": "*"
      }
    },
    "@types/highlight.js": {
      "version": "9.12.3",
      "resolved": "https://npmregistry.privmx.com/@types%2fhighlight.js/-/highlight.js-9.12.3.tgz",
      "integrity": "sha512-pGF/zvYOACZ/gLGWdQH8zSwteQS1epp68yRcVLJMgUck/MjEn/FBYmPub9pXT8C1e4a8YZfHo1CKyV8q1vKUnQ=="
    },
    "@types/history": {
      "version": "3.2.2",
      "resolved": "https://npmregistry.privmx.com/@types%2fhistory/-/history-3.2.2.tgz",
      "integrity": "sha512-DMvBzeA2dp1uZZftXkoqPC4TrdHlyuuTabCOxHY6EAKOJRMaPVu8b6lvX0QxEGKZq3cK/h3JCSxgfKmbDOYmRw=="
    },
    "@types/is_js": {
      "version": "0.8.0",
      "resolved": "https://npmregistry.privmx.com/@types%2fis_js/-/is_js-0.8.0.tgz",
      "integrity": "sha1-5oQZBXECZI8e4iyTFlA7x3RQBj0="
    },
    "@types/jquery": {
      "version": "3.3.5",
      "resolved": "https://npmregistry.privmx.com/@types%2fjquery/-/jquery-3.3.5.tgz",
      "integrity": "sha512-18OnkBZ+9pOx8grC2w4i256VS+9j/Ya/N0DcWkZRgPrg7V2oolgk8n7790goBlnChL6nIXAXy1lBTrz/r4lJTg=="
    },
    "@types/jquery-mousewheel": {
      "version": "3.1.13",
      "resolved": "https://npmregistry.privmx.com/@types%2fjquery-mousewheel/-/jquery-mousewheel-3.1.13.tgz",
      "integrity": "sha1-wPM02CfA4Tcb5RFf/wzHYruTL1U="
    },
    "@types/jquery-ui": {
      "version": "1.11.4-simplito",
      "resolved": "https://npmregistry.privmx.com/@types%2fjquery-ui/-/jquery-ui-1.11.4-simplito.tgz",
      "integrity": "sha512-Cux45+pIWUhaMzKpqF2qQ+C0/WTWx20Thup35YXGnJU9T9ivcdOwXOQdtDQxYzshonBxYc2Bb1IXpcPPzjlUXA=="
    },
    "@types/jquery.easing": {
      "version": "1.4.1",
      "resolved": "https://npmregistry.privmx.com/@types%2fjquery.easing/-/jquery.easing-1.4.1.tgz",
      "integrity": "sha1-qfyuV8kBgXYmmAYVP+9Dic+eP5Q="
    },
    "@types/json-parser-js": {
      "version": "1.0.3",
      "resolved": "https://npmregistry.privmx.com/@types%2fjson-parser-js/-/json-parser-js-1.0.3.tgz",
      "integrity": "sha512-qfRWwaP0zrq6Bqc6PgQLXmxc9+DhRqQFL7s7u5LhoP642bYlTIglvV7XwdQFZbPngG6SoDwTZAHbv/bQQD9YUA=="
    },
    "@types/jszip": {
      "version": "3.1.6",
      "resolved": "https://npmregistry.privmx.com/@types%2fjszip/-/jszip-3.1.6.tgz",
      "integrity": "sha512-m8uFcI+O2EupCfbEVQWsBM/4nhbegjOHL7cQgBpM95FeF98kdFJXzy9/8yhx4b3lCRl/gMBhcvyh30Qt3X+XPQ==",
      "requires": {
        "@types/node": "*"
      }
    },
    "@types/linkifyjs": {
      "version": "2.1.4",
      "resolved": "https://npmregistry.privmx.com/@types%2flinkifyjs/-/linkifyjs-2.1.4.tgz",
      "integrity": "sha1-zs349lxCS7zmlHFAOk5nGIDkJ58="
    },
    "@types/localforage": {
      "version": "1.4.3",
      "resolved": "https://npmregistry.privmx.com/@types%2flocalforage/-/localforage-1.4.3.tgz",
      "integrity": "sha1-39+AFLcN7GwsKlYU2gITZaOuEyU="
    },
    "@types/long": {
      "version": "4.0.1",
      "resolved": "https://npmregistry.privmx.com/@types%2flong/-/long-4.0.1.tgz",
      "integrity": "sha512-5tXH6Bx/kNGd3MgffdmP4dy2Z+G4eaXw0SE81Tq3BNadtnMR5/ySMzX4SLEzHJzSmPNn4HIdpQsBvXMUykr58w=="
    },
    "@types/moment": {
      "version": "2.24.0",
      "resolved": "https://npmregistry.privmx.com/@types%2fmoment/-/moment-2.24.0.tgz",
      "integrity": "sha512-F7FPuL/rOoTxB2TT7LOT4g/VTSkPW5HlEJ/fcuqOze4NKJdJcg19HJbwJ13sjMginv0P03auyW3Utnf6PfSouA=="
    },
    "@types/node": {
      "version": "10.11.7",
      "resolved": "https://npmregistry.privmx.com/@types%2fnode/-/node-10.11.7.tgz",
      "integrity": "sha512-yOxFfkN9xUFLyvWaeYj90mlqTJ41CsQzWKS3gXdOMOyPVacUsymejKxJ4/pMW7exouubuEeZLJawGgcNGYlTeg=="
    },
    "@types/node-ipc": {
      "version": "9.1.2",
      "resolved": "https://npmregistry.privmx.com/@types%2fnode-ipc/-/node-ipc-9.1.2.tgz",
      "integrity": "sha512-140YlGizUg2Dbbmypc97RZ2iaWOEdcwec6QPJ9C5AWy8H/Hus6co4MeEF2lRPmOTBY3GJu+Xaxyr4FfyE6Hjew==",
      "requires": {
        "@types/node": "*"
      }
    },
    "@types/parse-asn1": {
      "version": "5.0.0",
      "resolved": "https://npmregistry.privmx.com/@types%2fparse-asn1/-/parse-asn1-5.0.0.tgz",
      "integrity": "sha1-z0LEEe6qIOEs++TCr8efgNcrdTQ=",
      "requires": {
        "@types/bn.js": "^4.11.6"
      }
    },
    "@types/pdfjs-dist": {
      "version": "2.0.0-simplito",
      "resolved": "https://npmregistry.privmx.com/@types%2fpdfjs-dist/-/pdfjs-dist-2.0.0-simplito.tgz",
      "integrity": "sha512-SQqv4pldC+lov1M0YSih4m9eYr82t+u79/4/T1f1nuNqOVHjE84MeHHjQJBLs4EayzHXW6hSYr/GKuyuzhw4jA=="
    },
    "@types/pitch-shift": {
      "version": "0.0.0",
      "resolved": "https://npmregistry.privmx.com/@types%2fpitch-shift/-/pitch-shift-0.0.0.tgz",
      "integrity": "sha512-zjzzB6FN8XW18FPfS1JDgTr8UnD7dCz69KPRrumf8voiq2d2gRO1KfnZcUF2o9iLE7fub7NmKTREIsvu3Jjkwg=="
    },
    "@types/platform": {
      "version": "1.3.3",
      "resolved": "https://npmregistry.privmx.com/@types%2fplatform/-/platform-1.3.3.tgz",
      "integrity": "sha1-+1gLsKzBO/0pfgDGHDPBTgL9yas="
    },
    "@types/privfs-client": {
      "version": "1.69.4",
      "resolved": "https://npmregistry.privmx.com/@types%2fprivfs-client/-/privfs-client-1.69.4.tgz",
      "integrity": "sha512-+WZZtD/rMLToVxjIkI+8SFJmxjDIJy45eAvcu7f6XdFjYvwyxRXP9sLXNm4+QKJOTf3gD7QRn/MniG6Q5D3slQ==",
      "requires": {
        "@types/bs58": "^3.1.0",
        "@types/json-parser-js": "^1.0.3",
        "@types/node": "*",
        "@types/privmx-crypto": "^1.2.0",
        "@types/privmx-exception": "^1.0.0",
        "@types/privmx-pki": "^0.9.3",
        "@types/privmx-rpc": "^1.5.5",
        "@types/privmx-service-discovery": "^1.4.1",
        "@types/q": "^1.4.1",
        "@types/randombytes": "^2.0.1",
        "@types/simplito-lazybuffer": "^1.3.0",
        "@types/simplito-logger": "^1.0.0",
        "@types/simplito-net": "^1.1.1",
        "@types/simplito-promise": "^1.1.0",
        "@types/simplito-utils": "^1.0.0"
      }
    },
    "@types/privmx-crypto": {
      "version": "1.2.6",
      "resolved": "https://npmregistry.privmx.com/@types%2fprivmx-crypto/-/privmx-crypto-1.2.6.tgz",
      "integrity": "sha512-2BCOqqrfoUeC3lB9gOAuepATKZjUuTs/ee8iDv/Lmw8B49nS0OyrlJoA+vsAQvpMCzKJXsxg24MykNfU4+qTbQ==",
      "requires": {
        "@types/asn1.js": "^4.9.1",
        "@types/bip39": "^2.2.0",
        "@types/bn.js": "4.11.6",
        "@types/browserify-aes": "^1.0.1",
        "@types/bs58check": "^1.0.5",
        "@types/create-hash": "^1.1.1",
        "@types/create-hmac": "1.1.3",
        "@types/elliptic": "6.3.3",
        "@types/node": "*",
        "@types/parse-asn1": "^5.0.0",
        "@types/privmx-exception": "^1.0.0",
        "@types/q": "^1.4.1",
        "@types/randombytes": "^2.0.1",
        "@types/seedrandom": "2.4.2",
        "@types/typeforce": "^1.6.2",
        "@types/xtea": "^1.0.0"
      }
    },
    "@types/privmx-exception": {
      "version": "1.0.0",
      "resolved": "https://npmregistry.privmx.com/@types%2fprivmx-exception/-/privmx-exception-1.0.0.tgz",
      "integrity": "sha1-3BTqBnr2yPTGxT84n+yoJpon+As="
    },
    "@types/privmx-pki": {
      "version": "0.9.3",
      "resolved": "https://npmregistry.privmx.com/@types%2fprivmx-pki/-/privmx-pki-0.9.3.tgz",
      "integrity": "sha512-VYlL00EDOjv8gah9M9aX2RP7kpGIZ61HbhfputVSjbwXyuTWC0wXtYgnFHmuBFWa6NW1+wh/frFppThUxPNn/w==",
      "requires": {
        "@types/bn.js": "4.11.6",
        "@types/bytebuffer": "^3.0.0",
        "@types/create-hash": "^1.1.2",
        "@types/elliptic": "6.3.3",
        "@types/long": "^2.2.3",
        "@types/node": "*",
        "@types/pson": "^2.0.0",
        "@types/q": "^1.4.1",
        "@types/simplito-logger": "^1.0.0",
        "@types/xhr": "^2.2.0"
      },
      "dependencies": {
        "@types/bytebuffer": {
          "version": "3.5.5",
          "resolved": "https://npmregistry.privmx.com/@types%2fbytebuffer/-/bytebuffer-3.5.5.tgz",
          "integrity": "sha1-uJTxfFEh3YyQiX/fhS8wNERlXZo="
        },
        "@types/long": {
          "version": "2.4.0",
          "resolved": "https://npmregistry.privmx.com/@types%2flong/-/long-2.4.0.tgz",
          "integrity": "sha1-mVnuTNmRn44irmiDf4DbxGZafA0="
        }
      }
    },
    "@types/privmx-pki2": {
      "version": "1.1.2",
      "resolved": "https://npmregistry.privmx.com/@types%2fprivmx-pki2/-/privmx-pki2-1.1.2.tgz",
      "integrity": "sha512-qX9UhpDXos86IiAqLZcyaAQrpQD/jPQQ19/OZBR1kVFv585DF2mLHs4pPTFwZelwRjsJDqFTyGcwWHji+zKkmQ==",
      "requires": {
        "@types/bn.js": "^4.11.6",
        "@types/elliptic": "6.3.3",
        "@types/pson": "^2.0.0"
      }
    },
    "@types/privmx-rpc": {
      "version": "1.5.12",
      "resolved": "https://npmregistry.privmx.com/@types%2fprivmx-rpc/-/privmx-rpc-1.5.12.tgz",
      "integrity": "sha512-m3MJoT75dLQwtL+qA6zc0R39W3/wVwKsd0xAsaL14bPIOEax0Z2/+4l45e9KaACv2ByJ1mOCeaPKSgY7lXlb6A==",
      "requires": {
        "@types/bytebuffer": "^3.0.0",
        "@types/elliptic": "^6.2.3",
        "@types/node": "*",
        "@types/privmx-crypto": "^1.1.0",
        "@types/pson": "^2.0.0",
        "@types/q": "^1.4.1",
        "@types/randombytes": "^2.0.3",
        "@types/simplito-logger": "^1.0.0",
        "@types/simplito-utils": "^1.0.0",
        "@types/ws": "^7.2.6",
        "@types/xhr2": "^0.1.3"
      },
      "dependencies": {
        "@types/bytebuffer": {
          "version": "3.5.5",
          "resolved": "https://npmregistry.privmx.com/@types%2fbytebuffer/-/bytebuffer-3.5.5.tgz",
          "integrity": "sha1-uJTxfFEh3YyQiX/fhS8wNERlXZo="
        }
      }
    },
    "@types/privmx-server-api": {
      "version": "1.0.202012040009",
      "resolved": "https://npmregistry.privmx.com/@types%2fprivmx-server-api/-/privmx-server-api-1.0.202012040009.tgz",
      "integrity": "sha512-EWUeQWkbD5ahG7GoXzVUFZa1uN8c1B5ULzHIwqiuiRrZufBtu7vwroMqqfIcumHbv7MWB/XZlkzyZNtvtH7bxw==",
      "requires": {
        "@types/bytebuffer": "^5.0.40",
        "@types/privmx-pki2": "^1.1.2"
      }
    },
    "@types/privmx-server-data-center-plugin-api": {
      "version": "1.0.202011251324",
      "resolved": "https://npmregistry.privmx.com/@types%2fprivmx-server-data-center-plugin-api/-/privmx-server-data-center-plugin-api-1.0.202011251324.tgz",
      "integrity": "sha512-9b4B+kLc9Ej3dGthY/LvaI/78rl4GauCietKe3TQiWeGwjcDMwMsQLat5iRJD07pQ95BWOKsNES23mI61Sln/Q==",
      "requires": {
        "@types/privmx-server-api": "^1.0.0"
      }
    },
    "@types/privmx-service-discovery": {
      "version": "1.4.3",
      "resolved": "https://npmregistry.privmx.com/@types%2fprivmx-service-discovery/-/privmx-service-discovery-1.4.3.tgz",
      "integrity": "sha512-0MW+yMGxD5Fu/l6eoCL8lknbHn7Pwx9+BOSsVR88ohnN920RbRWjE6BijIsF9D+E5OzUful0pfJ/3KBczfxZeg==",
      "requires": {
        "@types/node": "*",
        "@types/q": "^1.4.1",
        "@types/simplito-net": "^1.1.0"
      }
    },
    "@types/pson": {
      "version": "2.0.0",
      "resolved": "https://npmregistry.privmx.com/@types%2fpson/-/pson-2.0.0.tgz",
      "integrity": "sha1-rhtNjpZ/N6tuoIFC5QlvyuOJTFg="
    },
    "@types/q": {
      "version": "1.5.2",
      "resolved": "https://npmregistry.privmx.com/@types%2fq/-/q-1.5.2.tgz",
      "integrity": "sha512-ce5d3q03Ex0sy4R14722Rmt6MT07Ua+k4FwDfdcToYJcMKNtRVQvJ6JCAPdAmAnbRb6CsX6aYb9m96NGod9uTw=="
    },
    "@types/qrious": {
      "version": "4.0.2",
      "resolved": "https://npmregistry.privmx.com/@types%2fqrious/-/qrious-4.0.2.tgz",
      "integrity": "sha1-BL18Xvf30XFiug9cJ9o3FJhYFss="
    },
    "@types/randombytes": {
      "version": "2.0.3",
      "resolved": "https://npmregistry.privmx.com/@types%2frandombytes/-/randombytes-2.0.3.tgz",
      "integrity": "sha1-mt4m4BYxj3TM6l5WVJU6eWpsBkc="
    },
    "@types/request": {
      "version": "2.48.1",
      "resolved": "https://npmregistry.privmx.com/@types%2frequest/-/request-2.48.1.tgz",
      "integrity": "sha512-ZgEZ1TiD+KGA9LiAAPPJL68Id2UWfeSO62ijSXZjFJArVV+2pKcsVHmrcu+1oiE3q6eDGiFiSolRc4JHoerBBg==",
      "requires": {
        "@types/caseless": "*",
        "@types/form-data": "*",
        "@types/node": "*",
        "@types/tough-cookie": "*"
      }
    },
    "@types/seedrandom": {
      "version": "2.4.2",
      "resolved": "https://npmregistry.privmx.com/@types%2fseedrandom/-/seedrandom-2.4.2.tgz",
      "integrity": "sha1-wG8d/7Ry/A+Vllrvjlx8hjT9QVY="
    },
    "@types/simplito-exception": {
      "version": "1.0.0",
      "resolved": "https://npmregistry.privmx.com/@types%2fsimplito-exception/-/simplito-exception-1.0.0.tgz",
      "integrity": "sha1-RRaw31jnT0N1wp/8gqB+2hDB0EU="
    },
    "@types/simplito-lazybuffer": {
      "version": "1.3.0",
      "resolved": "https://npmregistry.privmx.com/@types%2fsimplito-lazybuffer/-/simplito-lazybuffer-1.3.0.tgz",
      "integrity": "sha1-2EVMycJMJnX8ZKEAJRBYAJrwg3Y=",
      "requires": {
        "@types/node": "*",
        "@types/q": "^1.4.1"
      }
    },
    "@types/simplito-logger": {
      "version": "1.0.1",
      "resolved": "https://npmregistry.privmx.com/@types%2fsimplito-logger/-/simplito-logger-1.0.1.tgz",
      "integrity": "sha512-ya8j6LNpWZs8pwJpdHfCnHQgtjrwXRX3+p+xFkZ+7BVS1XYIIdBs2/bEtp9N9XYe/7k3o0cWxM0XFeEPh3L7dA=="
    },
    "@types/simplito-net": {
      "version": "1.1.1",
      "resolved": "https://npmregistry.privmx.com/@types%2fsimplito-net/-/simplito-net-1.1.1.tgz",
      "integrity": "sha1-zAcB17sJHjPeagJe8OqoJGWo0lQ=",
      "requires": {
        "@types/q": "^1.4.1",
        "@types/simplito-exception": "^1.0.0"
      }
    },
    "@types/simplito-promise": {
      "version": "1.1.0",
      "resolved": "https://npmregistry.privmx.com/@types%2fsimplito-promise/-/simplito-promise-1.1.0.tgz",
      "integrity": "sha1-NpAOND6C2mOQD67bVj5zfvpDW8E=",
      "requires": {
        "@types/q": "^1.4.1"
      }
    },
    "@types/simplito-utils": {
      "version": "1.0.0",
      "resolved": "https://npmregistry.privmx.com/@types%2fsimplito-utils/-/simplito-utils-1.0.0.tgz",
      "integrity": "sha1-ij74mldS2GCh6uNXbIHTDCM0ufo="
    },
    "@types/simplito__libopus": {
      "version": "1.0.0",
      "resolved": "https://npmregistry.privmx.com/@types%2fsimplito__libopus/-/simplito__libopus-1.0.0.tgz",
      "integrity": "sha512-ufqE6ecInwigVNXCyNBFfQICe4LTgn1AR5EoXG60bfNiA92QYP5YERObDHPYUVxHfjJk7TVXvx93WrZfp47OCQ=="
    },
    "@types/sqlite3": {
      "version": "3.1.5",
      "resolved": "https://npmregistry.privmx.com/@types%2fsqlite3/-/sqlite3-3.1.5.tgz",
      "integrity": "sha512-upsrd1zEYMa4Y+prurQ+vpo5SN63BUF6tOjeTv3ziF+9W9PHVh4/S5cy0qAqkHvmOEm/AZhEKd7V/0bR2udmFw==",
      "requires": {
        "@types/node": "*"
      }
    },
    "@types/tar-stream": {
      "version": "1.5.2",
      "resolved": "https://npmregistry.privmx.com/@types%2ftar-stream/-/tar-stream-1.5.2.tgz",
      "integrity": "sha1-NdxO+ywLOuxCWg2Nf7lY5xo/a6Y="
    },
    "@types/through2": {
      "version": "2.0.33",
      "resolved": "https://npmregistry.privmx.com/@types%2fthrough2/-/through2-2.0.33.tgz",
      "integrity": "sha1-H/LoihAN+1sUDnu5h5HxGUQA0TE=",
      "requires": {
        "@types/node": "*"
      }
    },
    "@types/tough-cookie": {
      "version": "4.0.0",
      "resolved": "https://npmregistry.privmx.com/@types%2ftough-cookie/-/tough-cookie-4.0.0.tgz",
      "integrity": "sha512-I99sngh224D0M7XgW1s120zxCt3VYQ3IQsuw3P3jbq5GG4yc79+ZjyKznyOGIQrflfylLgcfekeZW/vk0yng6A=="
    },
    "@types/typeahead.js": {
      "version": "0.11.1",
      "resolved": "https://npmregistry.privmx.com/@types%2ftypeahead.js/-/typeahead.js-0.11.1.tgz",
      "integrity": "sha1-ZbpmeuAlkUi4mHuI0cQnNILS7ak="
    },
    "@types/typeforce": {
      "version": "1.10.6",
      "resolved": "https://npmregistry.privmx.com/@types%2ftypeforce/-/typeforce-1.10.6.tgz",
      "integrity": "sha1-LY6IVwzer6bK/Ybjy1w4YDnw8KM="
    },
    "@types/ws": {
      "version": "7.4.0",
      "resolved": "https://npmregistry.privmx.com/@types%2fws/-/ws-7.4.0.tgz",
      "integrity": "sha512-Y29uQ3Uy+58bZrFLhX36hcI3Np37nqWE7ky5tjiDoy1GDZnIwVxS0CgF+s+1bXMzjKBFy+fqaRfb708iNzdinw==",
      "requires": {
        "@types/node": "*"
      }
    },
    "@types/xhr": {
      "version": "2.3.3",
      "resolved": "https://npmregistry.privmx.com/@types%2fxhr/-/xhr-2.3.3.tgz",
      "integrity": "sha1-jbS//5BJUBL70oiPqO0gyTP5aXY="
    },
    "@types/xhr2": {
      "version": "0.1.3",
      "resolved": "https://npmregistry.privmx.com/@types%2fxhr2/-/xhr2-0.1.3.tgz",
      "integrity": "sha1-FCPEj5XMJ2iMm24CkMBGkXhx6Xw="
    },
    "@types/xtea": {
      "version": "1.0.0",
      "resolved": "https://npmregistry.privmx.com/@types%2fxtea/-/xtea-1.0.0.tgz",
      "integrity": "sha1-aCyCF0GgQoqEWbFZ6SxDjGV0KWc="
    },
    "@types/zxcvbn-mod": {
      "version": "1.0.0",
      "resolved": "https://npmregistry.privmx.com/@types%2fzxcvbn-mod/-/zxcvbn-mod-1.0.0.tgz",
      "integrity": "sha1-bbbdTXEdWjCIWH8ezK01am5qUC0="
    },
    "asynckit": {
      "version": "0.4.0",
      "resolved": "https://npmregistry.privmx.com/asynckit/-/asynckit-0.4.0.tgz",
      "integrity": "sha1-x57Zf380y48robyXkLzDZkdLS3k="
    },
    "combined-stream": {
      "version": "1.0.8",
      "resolved": "https://npmregistry.privmx.com/combined-stream/-/combined-stream-1.0.8.tgz",
      "integrity": "sha512-FQN4MRfuJeHf7cBbBMJFXhKSDq+2kAArBlmRBvcvFE5BB1HZKXtSFASDhdlz9zOYwxh8lDdnvmMOe/+5cdoEdg==",
      "requires": {
        "delayed-stream": "~1.0.0"
      }
    },
    "delayed-stream": {
      "version": "1.0.0",
      "resolved": "https://npmregistry.privmx.com/delayed-stream/-/delayed-stream-1.0.0.tgz",
      "integrity": "sha1-3zrhmayt+31ECqrgsp4icrJOxhk="
    },
    "form-data": {
      "version": "4.0.0",
      "resolved": "https://npmregistry.privmx.com/form-data/-/form-data-4.0.0.tgz",
      "integrity": "sha512-ETEklSGi5t0QMZuiXoA/Q6vcnxcLQP5vdugSpuAyi6SVGi2clPPp+xgEhuMaHC+zGgn31Kd235W35f7Hykkaww==",
      "requires": {
        "asynckit": "^0.4.0",
        "combined-stream": "^1.0.8",
        "mime-types": "^2.1.12"
      }
    },
    "mime-db": {
      "version": "1.46.0",
      "resolved": "https://npmregistry.privmx.com/mime-db/-/mime-db-1.46.0.tgz",
      "integrity": "sha512-svXaP8UQRZ5K7or+ZmfNhg2xX3yKDMUzqadsSqi4NCH/KomcH75MAMYAGVlvXn4+b/xOPhS3I2uHKRUzvjY7BQ=="
    },
    "mime-types": {
      "version": "2.1.29",
      "resolved": "https://npmregistry.privmx.com/mime-types/-/mime-types-2.1.29.tgz",
      "integrity": "sha512-Y/jMt/S5sR9OaqteJtslsFZKWOIIqMACsJSiHghlCAyhf7jfVYjKBmLiX8OgpWeW+fjJ2b+Az69aPFPkUOY6xQ==",
      "requires": {
        "mime-db": "1.46.0"
      }
    },
    "olm": {
      "version": "https://packages.matrix.org/npm/olm/olm-3.2.1.tgz",
      "integrity": "sha512-B87bTpGIGieuV2FNauChjjQtVltwTGagQFoHm+3Dcse4amKAAGJB/I54dnP/JtbHZ+RYVoApM2OQ46Z4VH6eNg=="
    },
    "pmc-core": {
      "version": "2.25.0-20210316084316946",
      "resolved": "https://npmregistry.privmx.com/pmc-core/-/pmc-core-2.25.0-20210316084316946.tgz",
      "integrity": "sha512-EYI25HPlqW+eIpmckIOQepz9xF62w8I38ZH7AwKltjykhObJ/eAS+wPCD39DCD2FeX2i8OpHQp76ckZcqoUeQA==",
      "requires": {
        "@types/ag-grid-community__all-modules": "23.1.1",
        "@types/auto-launch": "5.0.0",
        "@types/bowser": "1.9.4",
        "@types/bytebuffer": "5.0.41",
        "@types/electron": "11.0.1",
        "@types/eligrey-filesaver": "1.0.0",
        "@types/extract-zip": "1.6.2",
        "@types/fs-extra": "5.0.4",
        "@types/highlight.js": "9.12.3",
        "@types/history": "3.2.2",
        "@types/is_js": "0.8.0",
        "@types/jquery": "3.3.5",
        "@types/jquery-mousewheel": "3.1.13",
        "@types/jquery-ui": "1.11.4-simplito",
        "@types/jquery.easing": "1.4.1",
        "@types/jszip": "3.1.6",
        "@types/linkifyjs": "2.1.4",
        "@types/localforage": "1.4.3",
        "@types/moment": "2.24.0",
        "@types/node": "10.11.7",
        "@types/node-ipc": "9.1.2",
        "@types/pdfjs-dist": "2.0.0-simplito",
        "@types/pitch-shift": "0.0.0",
        "@types/platform": "1.3.3",
        "@types/privfs-client": "1.69.4",
        "@types/privmx-crypto": "1.2.6",
        "@types/privmx-exception": "1.0.0",
        "@types/privmx-rpc": "1.5.12",
        "@types/privmx-server-api": "1.0.202012040009",
        "@types/privmx-server-data-center-plugin-api": "1.0.202011251324",
        "@types/q": "1.5.2",
        "@types/qrious": "4.0.2",
        "@types/request": "2.48.1",
        "@types/simplito-logger": "1.0.1",
        "@types/simplito-net": "1.1.1",
        "@types/simplito-promise": "1.1.0",
        "@types/simplito-utils": "1.0.0",
        "@types/simplito__libopus": "1.0.0",
        "@types/sqlite3": "3.1.5",
        "@types/tar-stream": "1.5.2",
        "@types/through2": "2.0.33",
        "@types/typeahead.js": "0.11.1",
        "@types/zxcvbn-mod": "1.0.0"
      }
    },
    "pmc-mail": {
      "version": "2.25.0-20210316084316946",
      "resolved": "https://npmregistry.privmx.com/pmc-mail/-/pmc-mail-2.25.0-20210316084316946.tgz",
      "integrity": "sha512-8B2CRNdI5pnaVRAX90EtBLcHz+DaN2/IOcbQxiSOmypTo5Qi/5T0SAPOfMqOkr3YNUhIjjSv3ex5f1rBwk/s3w==",
      "requires": {
        "pmc-core": "2.25.0-20210316084316946"
      }
    },
    "pmc-web": {
      "version": "2.25.0-20210316084316946",
      "resolved": "https://npmregistry.privmx.com/pmc-web/-/pmc-web-2.25.0-20210316084316946.tgz",
      "integrity": "sha512-Gvy+ZKgCqUt6wPvZbfYEt7Uc4FvwiiUqevTojEhlKqPdQB9iwcideYcYcPn6DU2HW3XoVrXwxXKfARj8IB8AcQ==",
      "requires": {
        "pmc-core": "2.25.0-20210316084316946"
      }
    }
  }
}
